
Microsoft Visual Studio Solution File, Format Version 12.00
# Visual Studio Version 17
VisualStudioVersion = 17.4.33213.308
MinimumVisualStudioVersion = 10.0.40219.1
Project("{FAE04EC0-301F-11D3-BF4B-00C04F79EFBC}") = "AspNet8Mvc_Tallybook", "AspNet8Mvc_Tallybook.csproj", "{730865A7-60ED-45A5-BB1F-983488CCAED9}"
EndProject
Global
	GlobalSection(SolutionConfigurationPlatforms) = preSolution
		Debug|Any CPU = Debug|Any CPU
		Release|Any CPU = Release|Any CPU
	EndGlobalSection
	GlobalSection(ProjectConfigurationPlatforms) = postSolution
		{730865A7-60ED-45A5-BB1F-983488CCAED9}.Debug|Any CPU.ActiveCfg = Debug|Any CPU
		{730865A7-60ED-45A5-BB1F-983488CCAED9}.Debug|Any CPU.Build.0 = Debug|Any CPU
		{730865A7-60ED-45A5-BB1F-983488CCAED9}.Release|Any CPU.ActiveCfg = Release|Any CPU
		{730865A7-60ED-45A5-BB1F-983488CCAED9}.Release|Any CPU.Build.0 = Release|Any CPU
	EndGlobalSection
	GlobalSection(SolutionProperties) = preSolution
		HideSolutionNode = FALSE
	EndGlobalSection
	GlobalSection(ExtensibilityGlobals) = postSolution
		SolutionGuid = {E2001C51-DDC9-4CFC-BD5E-0D1B2BFBDC8B}
	EndGlobalSection
EndGlobal
